
Microsoft Visual Studio Solution File, Format Version 12.00
# Visual Studio Version 17
VisualStudioVersion = 17.0.31903.59
MinimumVisualStudioVersion = 10.0.40219.1
Project("{9A19103F-16F7-4668-BE54-9A1E7A4F7556}") = "WebAPI", "WebAPI\WebAPI.csproj", "{E98C3732-2C51-485C-8C41-7FA9C30E1C5A}"
EndProject
Project("{9A19103F-16F7-4668-BE54-9A1E7A4F7556}") = "Entities", "Entities\Entities.csproj", "{861807DE-1A70-4286-B743-E9584CFF78F3}"
EndProject
Project("{9A19103F-16F7-4668-BE54-9A1E7A4F7556}") = "Repositories", "Repositories\Repositories.csproj", "{3FDEA311-3597-4F33-9AA0-058FC78FBC99}"
EndProject
Project("{FAE04EC0-301F-11D3-BF4B-00C04F79EFBC}") = "Services", "Services\Services.csproj", "{442421CA-9404-4BD1-96AC-C5B592ED0EB2}"
EndProject
Global
	GlobalSection(SolutionConfigurationPlatforms) = preSolution
		Debug|Any CPU = Debug|Any CPU
		Release|Any CPU = Release|Any CPU
	EndGlobalSection
	GlobalSection(ProjectConfigurationPlatforms) = postSolution
		{E98C3732-2C51-485C-8C41-7FA9C30E1C5A}.Debug|Any CPU.ActiveCfg = Debug|Any CPU
		{E98C3732-2C51-485C-8C41-7FA9C30E1C5A}.Debug|Any CPU.Build.0 = Debug|Any CPU
		{E98C3732-2C51-485C-8C41-7FA9C30E1C5A}.Release|Any CPU.ActiveCfg = Release|Any CPU
		{E98C3732-2C51-485C-8C41-7FA9C30E1C5A}.Release|Any CPU.Build.0 = Release|Any CPU
		{861807DE-1A70-4286-B743-E9584CFF78F3}.Debug|Any CPU.ActiveCfg = Debug|Any CPU
		{861807DE-1A70-4286-B743-E9584CFF78F3}.Debug|Any CPU.Build.0 = Debug|Any CPU
		{861807DE-1A70-4286-B743-E9584CFF78F3}.Release|Any CPU.ActiveCfg = Release|Any CPU
		{861807DE-1A70-4286-B743-E9584CFF78F3}.Release|Any CPU.Build.0 = Release|Any CPU
		{3FDEA311-3597-4F33-9AA0-058FC78FBC99}.Debug|Any CPU.ActiveCfg = Debug|Any CPU
		{3FDEA311-3597-4F33-9AA0-058FC78FBC99}.Debug|Any CPU.Build.0 = Debug|Any CPU
		{3FDEA311-3597-4F33-9AA0-058FC78FBC99}.Release|Any CPU.ActiveCfg = Release|Any CPU
		{3FDEA311-3597-4F33-9AA0-058FC78FBC99}.Release|Any CPU.Build.0 = Release|Any CPU
		{442421CA-9404-4BD1-96AC-C5B592ED0EB2}.Debug|Any CPU.ActiveCfg = Debug|Any CPU
		{442421CA-9404-4BD1-96AC-C5B592ED0EB2}.Debug|Any CPU.Build.0 = Debug|Any CPU
		{442421CA-9404-4BD1-96AC-C5B592ED0EB2}.Release|Any CPU.ActiveCfg = Release|Any CPU
		{442421CA-9404-4BD1-96AC-C5B592ED0EB2}.Release|Any CPU.Build.0 = Release|Any CPU
	EndGlobalSection
	GlobalSection(SolutionProperties) = preSolution
		HideSolutionNode = FALSE
	EndGlobalSection
	GlobalSection(ExtensibilityGlobals) = postSolution
		SolutionGuid = {ABDEA63D-93F5-4617-B442-8A6EDEB03A2D}
	EndGlobalSection
EndGlobal
